
Microsoft Visual Studio Solution File, Format Version 12.00
# Visual Studio Version 16
VisualStudioVersion = 16.0.32106.194
MinimumVisualStudioVersion = 10.0.40219.1
Project("{F184B08F-C81C-45F6-A57F-5ABD9991F28F}") = "registroBd", "registroBd\registroBd.vbproj", "{BF95C2B5-7736-43A8-9C87-8601F0508356}"
EndProject
Global
	GlobalSection(SolutionConfigurationPlatforms) = preSolution
		Debug|Any CPU = Debug|Any CPU
		Release|Any CPU = Release|Any CPU
	EndGlobalSection
	GlobalSection(ProjectConfigurationPlatforms) = postSolution
		{BF95C2B5-7736-43A8-9C87-8601F0508356}.Debug|Any CPU.ActiveCfg = Debug|Any CPU
		{BF95C2B5-7736-43A8-9C87-8601F0508356}.Debug|Any CPU.Build.0 = Debug|Any CPU
		{BF95C2B5-7736-43A8-9C87-8601F0508356}.Release|Any CPU.ActiveCfg = Release|Any CPU
		{BF95C2B5-7736-43A8-9C87-8601F0508356}.Release|Any CPU.Build.0 = Release|Any CPU
	EndGlobalSection
	GlobalSection(SolutionProperties) = preSolution
		HideSolutionNode = FALSE
	EndGlobalSection
	GlobalSection(ExtensibilityGlobals) = postSolution
		SolutionGuid = {BDA139A7-DB24-490E-B343-C1A607B17DD1}
	EndGlobalSection
EndGlobal
