
Microsoft Visual Studio Solution File, Format Version 12.00
# Visual Studio Version 16
VisualStudioVersion = 16.0.31702.278
MinimumVisualStudioVersion = 10.0.40219.1
Project("{F184B08F-C81C-45F6-A57F-5ABD9991F28F}") = "EjemploXAML1", "EjemploXAML1\EjemploXAML1.vbproj", "{18C7C9F0-FD3B-461D-AFB4-91354C126FFE}"
EndProject
Global
	GlobalSection(SolutionConfigurationPlatforms) = preSolution
		Debug|Any CPU = Debug|Any CPU
		Release|Any CPU = Release|Any CPU
	EndGlobalSection
	GlobalSection(ProjectConfigurationPlatforms) = postSolution
		{18C7C9F0-FD3B-461D-AFB4-91354C126FFE}.Debug|Any CPU.ActiveCfg = Debug|Any CPU
		{18C7C9F0-FD3B-461D-AFB4-91354C126FFE}.Debug|Any CPU.Build.0 = Debug|Any CPU
		{18C7C9F0-FD3B-461D-AFB4-91354C126FFE}.Release|Any CPU.ActiveCfg = Release|Any CPU
		{18C7C9F0-FD3B-461D-AFB4-91354C126FFE}.Release|Any CPU.Build.0 = Release|Any CPU
	EndGlobalSection
	GlobalSection(SolutionProperties) = preSolution
		HideSolutionNode = FALSE
	EndGlobalSection
	GlobalSection(ExtensibilityGlobals) = postSolution
		SolutionGuid = {EF74D41A-AC7B-4207-8A1C-E1ADA08F70B7}
	EndGlobalSection
EndGlobal
