
Microsoft Visual Studio Solution File, Format Version 12.00
# Visual Studio Version 16
VisualStudioVersion = 16.0.31702.278
MinimumVisualStudioVersion = 10.0.40219.1
Project("{F184B08F-C81C-45F6-A57F-5ABD9991F28F}") = "Practica8", "Practica8\Practica8.vbproj", "{CEFE697A-8F77-49B3-A2A7-6BE1D1C77D68}"
EndProject
Global
	GlobalSection(SolutionConfigurationPlatforms) = preSolution
		Debug|Any CPU = Debug|Any CPU
		Release|Any CPU = Release|Any CPU
	EndGlobalSection
	GlobalSection(ProjectConfigurationPlatforms) = postSolution
		{CEFE697A-8F77-49B3-A2A7-6BE1D1C77D68}.Debug|Any CPU.ActiveCfg = Debug|Any CPU
		{CEFE697A-8F77-49B3-A2A7-6BE1D1C77D68}.Debug|Any CPU.Build.0 = Debug|Any CPU
		{CEFE697A-8F77-49B3-A2A7-6BE1D1C77D68}.Release|Any CPU.ActiveCfg = Release|Any CPU
		{CEFE697A-8F77-49B3-A2A7-6BE1D1C77D68}.Release|Any CPU.Build.0 = Release|Any CPU
	EndGlobalSection
	GlobalSection(SolutionProperties) = preSolution
		HideSolutionNode = FALSE
	EndGlobalSection
	GlobalSection(ExtensibilityGlobals) = postSolution
		SolutionGuid = {7E5A7D22-CF74-4108-A390-A3A1DFA5C286}
	EndGlobalSection
EndGlobal
